{
  "name": "carmelitas",
  "version": "1.0.0",
  "lockfileVersion": 1,
  "requires": true,
  "dependencies": {
    "scroll-out": {
      "version": "2.2.11",
      "resolved": "https://registry.npmjs.org/scroll-out/-/scroll-out-2.2.11.tgz",
      "integrity": "sha512-o92X8fKkVmjbARw3Xa4rF5BXoejKfR8m2528sh6bV7AHFmcfNirrphLEfLBxjBnGKcrxwVOGSy8lLWyCn4bjAQ=="
    }
  }
}
